Microsoft Visual Studio Solution File, Format Version 12.00
# Visual Studio 2012
Project("{FAE04EC0-301F-11D3-BF4B-00C04F79EFBC}") = "Godot Light Exploration", "Godot Light Exploration.csproj", "{52F4A095-B027-48FB-A2B8-B6C96DE5310B}"
EndProject
Global
	GlobalSection(SolutionConfigurationPlatforms) = preSolution
	Debug|Any CPU = Debug|Any CPU
	ExportDebug|Any CPU = ExportDebug|Any CPU
	ExportRelease|Any CPU = ExportRelease|Any CPU
	EndGlobalSection
	GlobalSection(ProjectConfigurationPlatforms) = postSolution
		{52F4A095-B027-48FB-A2B8-B6C96DE5310B}.Debug|Any CPU.ActiveCfg = Debug|Any CPU
		{52F4A095-B027-48FB-A2B8-B6C96DE5310B}.Debug|Any CPU.Build.0 = Debug|Any CPU
		{52F4A095-B027-48FB-A2B8-B6C96DE5310B}.ExportDebug|Any CPU.ActiveCfg = ExportDebug|Any CPU
		{52F4A095-B027-48FB-A2B8-B6C96DE5310B}.ExportDebug|Any CPU.Build.0 = ExportDebug|Any CPU
		{52F4A095-B027-48FB-A2B8-B6C96DE5310B}.ExportRelease|Any CPU.ActiveCfg = ExportRelease|Any CPU
		{52F4A095-B027-48FB-A2B8-B6C96DE5310B}.ExportRelease|Any CPU.Build.0 = ExportRelease|Any CPU
	EndGlobalSection
EndGlobal
